
Microsoft Visual Studio Solution File, Format Version 12.00
# Visual Studio Version 16
VisualStudioVersion = 16.0.31515.178
MinimumVisualStudioVersion = 10.0.40219.1
Project("{9A19103F-16F7-4668-BE54-9A1E7A4F7556}") = "TheIsleMapCalculator", "TheIsleMapCalculator\TheIsleMapCalculator.csproj", "{79BB43F9-F633-4E14-AAAC-71EF10ABCCC8}"
EndProject
Project("{9A19103F-16F7-4668-BE54-9A1E7A4F7556}") = "TheIsleMapCalculator.Testing", "TheIsleMapCalculator.Testing\TheIsleMapCalculator.Testing.csproj", "{BBC5D94C-F489-418C-96F3-5D0B2636A946}"
	ProjectSection(ProjectDependencies) = postProject
		{79BB43F9-F633-4E14-AAAC-71EF10ABCCC8} = {79BB43F9-F633-4E14-AAAC-71EF10ABCCC8}
	EndProjectSection
EndProject
Global
	GlobalSection(SolutionConfigurationPlatforms) = preSolution
		Debug|Any CPU = Debug|Any CPU
		Release|Any CPU = Release|Any CPU
	EndGlobalSection
	GlobalSection(ProjectConfigurationPlatforms) = postSolution
		{79BB43F9-F633-4E14-AAAC-71EF10ABCCC8}.Debug|Any CPU.ActiveCfg = Debug|Any CPU
		{79BB43F9-F633-4E14-AAAC-71EF10ABCCC8}.Debug|Any CPU.Build.0 = Debug|Any CPU
		{79BB43F9-F633-4E14-AAAC-71EF10ABCCC8}.Release|Any CPU.ActiveCfg = Release|Any CPU
		{79BB43F9-F633-4E14-AAAC-71EF10ABCCC8}.Release|Any CPU.Build.0 = Release|Any CPU
		{BBC5D94C-F489-418C-96F3-5D0B2636A946}.Debug|Any CPU.ActiveCfg = Debug|Any CPU
		{BBC5D94C-F489-418C-96F3-5D0B2636A946}.Debug|Any CPU.Build.0 = Debug|Any CPU
		{BBC5D94C-F489-418C-96F3-5D0B2636A946}.Release|Any CPU.ActiveCfg = Release|Any CPU
		{BBC5D94C-F489-418C-96F3-5D0B2636A946}.Release|Any CPU.Build.0 = Release|Any CPU
	EndGlobalSection
	GlobalSection(SolutionProperties) = preSolution
		HideSolutionNode = FALSE
	EndGlobalSection
	GlobalSection(ExtensibilityGlobals) = postSolution
		SolutionGuid = {0A65B8AA-2F35-48A2-95DA-3042503A226A}
	EndGlobalSection
EndGlobal
